
Microsoft Visual Studio Solution File, Format Version 12.00
# Visual Studio Version 17
VisualStudioVersion = 17.5.33530.505
MinimumVisualStudioVersion = 10.0.40219.1
Project("{9A19103F-16F7-4668-BE54-9A1E7A4F7556}") = "MoralityMatrix", "MoralityMatrix\MoralityMatrix.csproj", "{90950496-3F70-4048-A51E-3ACE5E7BB327}"
EndProject
Global
	GlobalSection(SolutionConfigurationPlatforms) = preSolution
		Debug|Any CPU = Debug|Any CPU
		Release|Any CPU = Release|Any CPU
	EndGlobalSection
	GlobalSection(ProjectConfigurationPlatforms) = postSolution
		{90950496-3F70-4048-A51E-3ACE5E7BB327}.Debug|Any CPU.ActiveCfg = Debug|Any CPU
		{90950496-3F70-4048-A51E-3ACE5E7BB327}.Debug|Any CPU.Build.0 = Debug|Any CPU
		{90950496-3F70-4048-A51E-3ACE5E7BB327}.Release|Any CPU.ActiveCfg = Release|Any CPU
		{90950496-3F70-4048-A51E-3ACE5E7BB327}.Release|Any CPU.Build.0 = Release|Any CPU
	EndGlobalSection
	GlobalSection(SolutionProperties) = preSolution
		HideSolutionNode = FALSE
	EndGlobalSection
	GlobalSection(ExtensibilityGlobals) = postSolution
		SolutionGuid = {1949C955-AFB8-4A23-964D-E58AB6172B96}
	EndGlobalSection
EndGlobal
